
Microsoft Visual Studio Solution File, Format Version 12.00
# Visual Studio Version 17
VisualStudioVersion = 17.7.34202.233
MinimumVisualStudioVersion = 10.0.40219.1
Project("{FAE04EC0-301F-11D3-BF4B-00C04F79EFBC}") = "BACK", "BACK\BACK.csproj", "{D15BD312-648F-4D56-829A-085EDBB66527}"
EndProject
Global
	GlobalSection(SolutionConfigurationPlatforms) = preSolution
		Debug|Any CPU = Debug|Any CPU
		Release|Any CPU = Release|Any CPU
	EndGlobalSection
	GlobalSection(ProjectConfigurationPlatforms) = postSolution
		{D15BD312-648F-4D56-829A-085EDBB66527}.Debug|Any CPU.ActiveCfg = Debug|Any CPU
		{D15BD312-648F-4D56-829A-085EDBB66527}.Debug|Any CPU.Build.0 = Debug|Any CPU
		{D15BD312-648F-4D56-829A-085EDBB66527}.Release|Any CPU.ActiveCfg = Release|Any CPU
		{D15BD312-648F-4D56-829A-085EDBB66527}.Release|Any CPU.Build.0 = Release|Any CPU
	EndGlobalSection
	GlobalSection(SolutionProperties) = preSolution
		HideSolutionNode = FALSE
	EndGlobalSection
	GlobalSection(ExtensibilityGlobals) = postSolution
		SolutionGuid = {34F7D29B-AD25-445D-B1C4-8885AF960A24}
	EndGlobalSection
EndGlobal
